
Microsoft Visual Studio Solution File, Format Version 12.00
# Visual Studio 15
VisualStudioVersion = 15.0.27703.2035
MinimumVisualStudioVersion = 10.0.40219.1
Project("{E24C65DC-7377-472B-9ABA-BC803B73C61A}") = "DrawAPointMouseClick", "DrawAPointMouseClick\", "{50898A10-F3CA-468C-A80E-5DE9D900E27B}"
	ProjectSection(WebsiteProperties) = preProject
		TargetFrameworkMoniker = ".NETFramework,Version%3Dv4.6.1"
		Debug.AspNetCompiler.VirtualPath = "/localhost_1078"
		Debug.AspNetCompiler.PhysicalPath = "DrawAPointMouseClick\"
		Debug.AspNetCompiler.TargetPath = "PrecompiledWeb\localhost_1078\"
		Debug.AspNetCompiler.Updateable = "true"
		Debug.AspNetCompiler.ForceOverwrite = "true"
		Debug.AspNetCompiler.FixedNames = "false"
		Debug.AspNetCompiler.Debug = "True"
		Release.AspNetCompiler.VirtualPath = "/localhost_1078"
		Release.AspNetCompiler.PhysicalPath = "DrawAPointMouseClick\"
		Release.AspNetCompiler.TargetPath = "PrecompiledWeb\localhost_1078\"
		Release.AspNetCompiler.Updateable = "true"
		Release.AspNetCompiler.ForceOverwrite = "true"
		Release.AspNetCompiler.FixedNames = "false"
		Release.AspNetCompiler.Debug = "False"
		VWDPort = "1078"
		SlnRelativePath = "DrawAPointMouseClick\"
		DefaultWebSiteLanguage = "Visual C#"
	EndProjectSection
EndProject
Global
	GlobalSection(SolutionConfigurationPlatforms) = preSolution
		Debug|Any CPU = Debug|Any CPU
	EndGlobalSection
	GlobalSection(ProjectConfigurationPlatforms) = postSolution
		{50898A10-F3CA-468C-A80E-5DE9D900E27B}.Debug|Any CPU.ActiveCfg = Debug|Any CPU
		{50898A10-F3CA-468C-A80E-5DE9D900E27B}.Debug|Any CPU.Build.0 = Debug|Any CPU
	EndGlobalSection
	GlobalSection(SolutionProperties) = preSolution
		HideSolutionNode = FALSE
	EndGlobalSection
	GlobalSection(ExtensibilityGlobals) = postSolution
		SolutionGuid = {5AF62B8B-B446-4098-96CA-6D16BB97E4AA}
	EndGlobalSection
EndGlobal
